
Microsoft Visual Studio Solution File, Format Version 12.00
# Visual Studio Version 17
VisualStudioVersion = 17.5.002.0
MinimumVisualStudioVersion = 10.0.40219.1
Project("{2150E333-8FDC-42A3-9474-1A3956D46DE8}") = "csharp-prep", "csharp-prep", "{9BDBB911-7EAA-4AD1-A1F0-5A907573C73D}"
EndProject
Project("{9A19103F-16F7-4668-BE54-9A1E7A4F7556}") = "Prep1", "csharp-prep\Prep1\Prep1.csproj", "{9DD97601-121C-4508-93DE-FB1F6990D4FD}"
EndProject
Project("{9A19103F-16F7-4668-BE54-9A1E7A4F7556}") = "Prep2", "csharp-prep\Prep2\Prep2.csproj", "{157F139F-462B-464B-9200-27B7079B3DB2}"
EndProject
Project("{9A19103F-16F7-4668-BE54-9A1E7A4F7556}") = "Prep3", "csharp-prep\Prep3\Prep3.csproj", "{6A435450-6F75-4C4D-99B5-3BEF58227ECC}"
EndProject
Project("{9A19103F-16F7-4668-BE54-9A1E7A4F7556}") = "Prep4", "csharp-prep\Prep4\Prep4.csproj", "{9991BF66-1EB9-4050-9E1F-2FB3C1D06F31}"
EndProject
Project("{9A19103F-16F7-4668-BE54-9A1E7A4F7556}") = "Prep5", "csharp-prep\Prep5\Prep5.csproj", "{EF9A3C7C-E0C3-4BD0-90D6-D654BEE665E4}"
EndProject
Project("{2150E333-8FDC-42A3-9474-1A3956D46DE8}") = "final", "final", "{D9BB8988-D080-429A-9052-E32451F0267E}"
EndProject
Project("{9A19103F-16F7-4668-BE54-9A1E7A4F7556}") = "FinalProject", "final\FinalProject\FinalProject.csproj", "{A697CC61-9C31-41F5-AA64-4740BAFDB03A}"
EndProject
Project("{9A19103F-16F7-4668-BE54-9A1E7A4F7556}") = "Foundation1", "final\Foundation1\Foundation1.csproj", "{586B7F5A-703C-4938-A3A8-C52935CAF812}"
EndProject
Project("{9A19103F-16F7-4668-BE54-9A1E7A4F7556}") = "Foundation2", "final\Foundation2\Foundation2.csproj", "{B6663FC4-CFC7-4831-B784-1C956A8FA2DC}"
EndProject
Project("{9A19103F-16F7-4668-BE54-9A1E7A4F7556}") = "Foundation3", "final\Foundation3\Foundation3.csproj", "{5B6F4502-AEF4-4B31-A344-70FFC3130DBF}"
EndProject
Project("{9A19103F-16F7-4668-BE54-9A1E7A4F7556}") = "Foundation4", "final\Foundation4\Foundation4.csproj", "{87C62B26-9739-4254-850E-14DA06E19792}"
EndProject
Project("{2150E333-8FDC-42A3-9474-1A3956D46DE8}") = "prepare", "prepare", "{2376CB9B-CA78-44E1-96E5-7BAA2D07419A}"
EndProject
Project("{9A19103F-16F7-4668-BE54-9A1E7A4F7556}") = "Learning02", "prepare\Learning02\Learning02.csproj", "{C0F1624D-3FB8-4281-ADF3-D1F7AEDFEFC3}"
EndProject
Project("{9A19103F-16F7-4668-BE54-9A1E7A4F7556}") = "Learning03", "prepare\Learning03\Learning03.csproj", "{26118F6D-67CC-4A80-B2BF-9573121C1F45}"
EndProject
Project("{9A19103F-16F7-4668-BE54-9A1E7A4F7556}") = "Learning04", "prepare\Learning04\Learning04.csproj", "{616EECF8-2659-4BA8-8409-87E25F4E97CA}"
EndProject
Project("{9A19103F-16F7-4668-BE54-9A1E7A4F7556}") = "Learning05", "prepare\Learning05\Learning05.csproj", "{C15F8740-442C-437D-896F-13FCD18CDFDF}"
EndProject
Project("{2150E333-8FDC-42A3-9474-1A3956D46DE8}") = "prove", "prove", "{465B7F2F-0600-472D-A4B1-CDE35DFFAB61}"
EndProject
Project("{9A19103F-16F7-4668-BE54-9A1E7A4F7556}") = "Develop02", "prove\Develop02\Develop02.csproj", "{DB6BE707-CCCC-4E02-A390-B78F495C93CF}"
EndProject
Project("{9A19103F-16F7-4668-BE54-9A1E7A4F7556}") = "Develop03", "prove\Develop03\Develop03.csproj", "{0C8C9FD1-B7D5-47AE-B244-2F6BA031FC5D}"
EndProject
Project("{9A19103F-16F7-4668-BE54-9A1E7A4F7556}") = "Develop04", "prove\Develop04\Develop04.csproj", "{A25B2DCA-9B25-4A03-B044-70B2DE3CB8D6}"
EndProject
Project("{9A19103F-16F7-4668-BE54-9A1E7A4F7556}") = "Develop05", "prove\Develop05\Develop05.csproj", "{5924379B-917B-4A37-897A-6794CE2627AF}"
EndProject
Project("{2150E333-8FDC-42A3-9474-1A3956D46DE8}") = "sandbox", "sandbox", "{1FA647D3-8D52-48AB-99F8-A31752169108}"
EndProject
Project("{9A19103F-16F7-4668-BE54-9A1E7A4F7556}") = "Sandbox", "sandbox\Sandbox\Sandbox.csproj", "{830F7C67-4004-4CDE-BD33-9E60001BE8CA}"
EndProject
Global
	GlobalSection(SolutionConfigurationPlatforms) = preSolution
		Debug|Any CPU = Debug|Any CPU
		Release|Any CPU = Release|Any CPU
	EndGlobalSection
	GlobalSection(ProjectConfigurationPlatforms) = postSolution
		{9DD97601-121C-4508-93DE-FB1F6990D4FD}.Debug|Any CPU.ActiveCfg = Debug|Any CPU
		{9DD97601-121C-4508-93DE-FB1F6990D4FD}.Debug|Any CPU.Build.0 = Debug|Any CPU
		{9DD97601-121C-4508-93DE-FB1F6990D4FD}.Release|Any CPU.ActiveCfg = Release|Any CPU
		{9DD97601-121C-4508-93DE-FB1F6990D4FD}.Release|Any CPU.Build.0 = Release|Any CPU
		{157F139F-462B-464B-9200-27B7079B3DB2}.Debug|Any CPU.ActiveCfg = Debug|Any CPU
		{157F139F-462B-464B-9200-27B7079B3DB2}.Debug|Any CPU.Build.0 = Debug|Any CPU
		{157F139F-462B-464B-9200-27B7079B3DB2}.Release|Any CPU.ActiveCfg = Release|Any CPU
		{157F139F-462B-464B-9200-27B7079B3DB2}.Release|Any CPU.Build.0 = Release|Any CPU
		{6A435450-6F75-4C4D-99B5-3BEF58227ECC}.Debug|Any CPU.ActiveCfg = Debug|Any CPU
		{6A435450-6F75-4C4D-99B5-3BEF58227ECC}.Debug|Any CPU.Build.0 = Debug|Any CPU
		{6A435450-6F75-4C4D-99B5-3BEF58227ECC}.Release|Any CPU.ActiveCfg = Release|Any CPU
		{6A435450-6F75-4C4D-99B5-3BEF58227ECC}.Release|Any CPU.Build.0 = Release|Any CPU
		{9991BF66-1EB9-4050-9E1F-2FB3C1D06F31}.Debug|Any CPU.ActiveCfg = Debug|Any CPU
		{9991BF66-1EB9-4050-9E1F-2FB3C1D06F31}.Debug|Any CPU.Build.0 = Debug|Any CPU
		{9991BF66-1EB9-4050-9E1F-2FB3C1D06F31}.Release|Any CPU.ActiveCfg = Release|Any CPU
		{9991BF66-1EB9-4050-9E1F-2FB3C1D06F31}.Release|Any CPU.Build.0 = Release|Any CPU
		{EF9A3C7C-E0C3-4BD0-90D6-D654BEE665E4}.Debug|Any CPU.ActiveCfg = Debug|Any CPU
		{EF9A3C7C-E0C3-4BD0-90D6-D654BEE665E4}.Debug|Any CPU.Build.0 = Debug|Any CPU
		{EF9A3C7C-E0C3-4BD0-90D6-D654BEE665E4}.Release|Any CPU.ActiveCfg = Release|Any CPU
		{EF9A3C7C-E0C3-4BD0-90D6-D654BEE665E4}.Release|Any CPU.Build.0 = Release|Any CPU
		{A697CC61-9C31-41F5-AA64-4740BAFDB03A}.Debug|Any CPU.ActiveCfg = Debug|Any CPU
		{A697CC61-9C31-41F5-AA64-4740BAFDB03A}.Debug|Any CPU.Build.0 = Debug|Any CPU
		{A697CC61-9C31-41F5-AA64-4740BAFDB03A}.Release|Any CPU.ActiveCfg = Release|Any CPU
		{A697CC61-9C31-41F5-AA64-4740BAFDB03A}.Release|Any CPU.Build.0 = Release|Any CPU
		{586B7F5A-703C-4938-A3A8-C52935CAF812}.Debug|Any CPU.ActiveCfg = Debug|Any CPU
		{586B7F5A-703C-4938-A3A8-C52935CAF812}.Debug|Any CPU.Build.0 = Debug|Any CPU
		{586B7F5A-703C-4938-A3A8-C52935CAF812}.Release|Any CPU.ActiveCfg = Release|Any CPU
		{586B7F5A-703C-4938-A3A8-C52935CAF812}.Release|Any CPU.Build.0 = Release|Any CPU
		{B6663FC4-CFC7-4831-B784-1C956A8FA2DC}.Debug|Any CPU.ActiveCfg = Debug|Any CPU
		{B6663FC4-CFC7-4831-B784-1C956A8FA2DC}.Debug|Any CPU.Build.0 = Debug|Any CPU
		{B6663FC4-CFC7-4831-B784-1C956A8FA2DC}.Release|Any CPU.ActiveCfg = Release|Any CPU
		{B6663FC4-CFC7-4831-B784-1C956A8FA2DC}.Release|Any CPU.Build.0 = Release|Any CPU
		{5B6F4502-AEF4-4B31-A344-70FFC3130DBF}.Debug|Any CPU.ActiveCfg = Debug|Any CPU
		{5B6F4502-AEF4-4B31-A344-70FFC3130DBF}.Debug|Any CPU.Build.0 = Debug|Any CPU
		{5B6F4502-AEF4-4B31-A344-70FFC3130DBF}.Release|Any CPU.ActiveCfg = Release|Any CPU
		{5B6F4502-AEF4-4B31-A344-70FFC3130DBF}.Release|Any CPU.Build.0 = Release|Any CPU
		{87C62B26-9739-4254-850E-14DA06E19792}.Debug|Any CPU.ActiveCfg = Debug|Any CPU
		{87C62B26-9739-4254-850E-14DA06E19792}.Debug|Any CPU.Build.0 = Debug|Any CPU
		{87C62B26-9739-4254-850E-14DA06E19792}.Release|Any CPU.ActiveCfg = Release|Any CPU
		{87C62B26-9739-4254-850E-14DA06E19792}.Release|Any CPU.Build.0 = Release|Any CPU
		{C0F1624D-3FB8-4281-ADF3-D1F7AEDFEFC3}.Debug|Any CPU.ActiveCfg = Debug|Any CPU
		{C0F1624D-3FB8-4281-ADF3-D1F7AEDFEFC3}.Debug|Any CPU.Build.0 = Debug|Any CPU
		{C0F1624D-3FB8-4281-ADF3-D1F7AEDFEFC3}.Release|Any CPU.ActiveCfg = Release|Any CPU
		{C0F1624D-3FB8-4281-ADF3-D1F7AEDFEFC3}.Release|Any CPU.Build.0 = Release|Any CPU
		{26118F6D-67CC-4A80-B2BF-9573121C1F45}.Debug|Any CPU.ActiveCfg = Debug|Any CPU
		{26118F6D-67CC-4A80-B2BF-9573121C1F45}.Debug|Any CPU.Build.0 = Debug|Any CPU
		{26118F6D-67CC-4A80-B2BF-9573121C1F45}.Release|Any CPU.ActiveCfg = Release|Any CPU
		{26118F6D-67CC-4A80-B2BF-9573121C1F45}.Release|Any CPU.Build.0 = Release|Any CPU
		{616EECF8-2659-4BA8-8409-87E25F4E97CA}.Debug|Any CPU.ActiveCfg = Debug|Any CPU
		{616EECF8-2659-4BA8-8409-87E25F4E97CA}.Debug|Any CPU.Build.0 = Debug|Any CPU
		{616EECF8-2659-4BA8-8409-87E25F4E97CA}.Release|Any CPU.ActiveCfg = Release|Any CPU
		{616EECF8-2659-4BA8-8409-87E25F4E97CA}.Release|Any CPU.Build.0 = Release|Any CPU
		{C15F8740-442C-437D-896F-13FCD18CDFDF}.Debug|Any CPU.ActiveCfg = Debug|Any CPU
		{C15F8740-442C-437D-896F-13FCD18CDFDF}.Debug|Any CPU.Build.0 = Debug|Any CPU
		{C15F8740-442C-437D-896F-13FCD18CDFDF}.Release|Any CPU.ActiveCfg = Release|Any CPU
		{C15F8740-442C-437D-896F-13FCD18CDFDF}.Release|Any CPU.Build.0 = Release|Any CPU
		{DB6BE707-CCCC-4E02-A390-B78F495C93CF}.Debug|Any CPU.ActiveCfg = Debug|Any CPU
		{DB6BE707-CCCC-4E02-A390-B78F495C93CF}.Debug|Any CPU.Build.0 = Debug|Any CPU
		{DB6BE707-CCCC-4E02-A390-B78F495C93CF}.Release|Any CPU.ActiveCfg = Release|Any CPU
		{DB6BE707-CCCC-4E02-A390-B78F495C93CF}.Release|Any CPU.Build.0 = Release|Any CPU
		{0C8C9FD1-B7D5-47AE-B244-2F6BA031FC5D}.Debug|Any CPU.ActiveCfg = Debug|Any CPU
		{0C8C9FD1-B7D5-47AE-B244-2F6BA031FC5D}.Debug|Any CPU.Build.0 = Debug|Any CPU
		{0C8C9FD1-B7D5-47AE-B244-2F6BA031FC5D}.Release|Any CPU.ActiveCfg = Release|Any CPU
		{0C8C9FD1-B7D5-47AE-B244-2F6BA031FC5D}.Release|Any CPU.Build.0 = Release|Any CPU
		{A25B2DCA-9B25-4A03-B044-70B2DE3CB8D6}.Debug|Any CPU.ActiveCfg = Debug|Any CPU
		{A25B2DCA-9B25-4A03-B044-70B2DE3CB8D6}.Debug|Any CPU.Build.0 = Debug|Any CPU
		{A25B2DCA-9B25-4A03-B044-70B2DE3CB8D6}.Release|Any CPU.ActiveCfg = Release|Any CPU
		{A25B2DCA-9B25-4A03-B044-70B2DE3CB8D6}.Release|Any CPU.Build.0 = Release|Any CPU
		{5924379B-917B-4A37-897A-6794CE2627AF}.Debug|Any CPU.ActiveCfg = Debug|Any CPU
		{5924379B-917B-4A37-897A-6794CE2627AF}.Debug|Any CPU.Build.0 = Debug|Any CPU
		{5924379B-917B-4A37-897A-6794CE2627AF}.Release|Any CPU.ActiveCfg = Release|Any CPU
		{5924379B-917B-4A37-897A-6794CE2627AF}.Release|Any CPU.Build.0 = Release|Any CPU
		{830F7C67-4004-4CDE-BD33-9E60001BE8CA}.Debug|Any CPU.ActiveCfg = Debug|Any CPU
		{830F7C67-4004-4CDE-BD33-9E60001BE8CA}.Debug|Any CPU.Build.0 = Debug|Any CPU
		{830F7C67-4004-4CDE-BD33-9E60001BE8CA}.Release|Any CPU.ActiveCfg = Release|Any CPU
		{830F7C67-4004-4CDE-BD33-9E60001BE8CA}.Release|Any CPU.Build.0 = Release|Any CPU
	EndGlobalSection
	GlobalSection(SolutionProperties) = preSolution
		HideSolutionNode = FALSE
	EndGlobalSection
	GlobalSection(NestedProjects) = preSolution
		{9DD97601-121C-4508-93DE-FB1F6990D4FD} = {9BDBB911-7EAA-4AD1-A1F0-5A907573C73D}
		{157F139F-462B-464B-9200-27B7079B3DB2} = {9BDBB911-7EAA-4AD1-A1F0-5A907573C73D}
		{6A435450-6F75-4C4D-99B5-3BEF58227ECC} = {9BDBB911-7EAA-4AD1-A1F0-5A907573C73D}
		{9991BF66-1EB9-4050-9E1F-2FB3C1D06F31} = {9BDBB911-7EAA-4AD1-A1F0-5A907573C73D}
		{EF9A3C7C-E0C3-4BD0-90D6-D654BEE665E4} = {9BDBB911-7EAA-4AD1-A1F0-5A907573C73D}
		{A697CC61-9C31-41F5-AA64-4740BAFDB03A} = {D9BB8988-D080-429A-9052-E32451F0267E}
		{586B7F5A-703C-4938-A3A8-C52935CAF812} = {D9BB8988-D080-429A-9052-E32451F0267E}
		{B6663FC4-CFC7-4831-B784-1C956A8FA2DC} = {D9BB8988-D080-429A-9052-E32451F0267E}
		{5B6F4502-AEF4-4B31-A344-70FFC3130DBF} = {D9BB8988-D080-429A-9052-E32451F0267E}
		{87C62B26-9739-4254-850E-14DA06E19792} = {D9BB8988-D080-429A-9052-E32451F0267E}
		{C0F1624D-3FB8-4281-ADF3-D1F7AEDFEFC3} = {2376CB9B-CA78-44E1-96E5-7BAA2D07419A}
		{26118F6D-67CC-4A80-B2BF-9573121C1F45} = {2376CB9B-CA78-44E1-96E5-7BAA2D07419A}
		{616EECF8-2659-4BA8-8409-87E25F4E97CA} = {2376CB9B-CA78-44E1-96E5-7BAA2D07419A}
		{C15F8740-442C-437D-896F-13FCD18CDFDF} = {2376CB9B-CA78-44E1-96E5-7BAA2D07419A}
		{DB6BE707-CCCC-4E02-A390-B78F495C93CF} = {465B7F2F-0600-472D-A4B1-CDE35DFFAB61}
		{0C8C9FD1-B7D5-47AE-B244-2F6BA031FC5D} = {465B7F2F-0600-472D-A4B1-CDE35DFFAB61}
		{A25B2DCA-9B25-4A03-B044-70B2DE3CB8D6} = {465B7F2F-0600-472D-A4B1-CDE35DFFAB61}
		{5924379B-917B-4A37-897A-6794CE2627AF} = {465B7F2F-0600-472D-A4B1-CDE35DFFAB61}
		{830F7C67-4004-4CDE-BD33-9E60001BE8CA} = {1FA647D3-8D52-48AB-99F8-A31752169108}
	EndGlobalSection
	GlobalSection(ExtensibilityGlobals) = postSolution
		SolutionGuid = {E82E939F-4D07-4468-AE4C-655C1585EBB1}
	EndGlobalSection
EndGlobal
